
Microsoft Visual Studio Solution File, Format Version 12.00
# Visual Studio Version 16
VisualStudioVersion = 16.0.30225.117
MinimumVisualStudioVersion = 10.0.40219.1
Project("{FAE04EC0-301F-11D3-BF4B-00C04F79EFBC}") = "Datos", "Datos\Datos.csproj", "{1C8A93A2-A1B4-4D3E-82FD-839CC5D1F0E5}"
EndProject
Project("{FAE04EC0-301F-11D3-BF4B-00C04F79EFBC}") = "UTDatos", "UTDatos\UTDatos.csproj", "{D8DC69E4-9279-47AE-BB1D-34AD572AFDDB}"
EndProject
Global
	GlobalSection(SolutionConfigurationPlatforms) = preSolution
		Debug|Any CPU = Debug|Any CPU
		Release|Any CPU = Release|Any CPU
	EndGlobalSection
	GlobalSection(ProjectConfigurationPlatforms) = postSolution
		{1C8A93A2-A1B4-4D3E-82FD-839CC5D1F0E5}.Debug|Any CPU.ActiveCfg = Debug|Any CPU
		{1C8A93A2-A1B4-4D3E-82FD-839CC5D1F0E5}.Debug|Any CPU.Build.0 = Debug|Any CPU
		{1C8A93A2-A1B4-4D3E-82FD-839CC5D1F0E5}.Release|Any CPU.ActiveCfg = Release|Any CPU
		{1C8A93A2-A1B4-4D3E-82FD-839CC5D1F0E5}.Release|Any CPU.Build.0 = Release|Any CPU
		{D8DC69E4-9279-47AE-BB1D-34AD572AFDDB}.Debug|Any CPU.ActiveCfg = Debug|Any CPU
		{D8DC69E4-9279-47AE-BB1D-34AD572AFDDB}.Debug|Any CPU.Build.0 = Debug|Any CPU
		{D8DC69E4-9279-47AE-BB1D-34AD572AFDDB}.Release|Any CPU.ActiveCfg = Release|Any CPU
		{D8DC69E4-9279-47AE-BB1D-34AD572AFDDB}.Release|Any CPU.Build.0 = Release|Any CPU
	EndGlobalSection
	GlobalSection(SolutionProperties) = preSolution
		HideSolutionNode = FALSE
	EndGlobalSection
	GlobalSection(ExtensibilityGlobals) = postSolution
		SolutionGuid = {4E2BC693-30BC-4B5B-9855-B4EDD9A10DDF}
	EndGlobalSection
EndGlobal
